{
  "name": "comesoapp",
  "version": "1.0.0",
  "lockfileVersion": 3,
  "requires": true,
  "packages": {
    "": {
      "name": "comesoapp",
      "version": "1.0.0",
      "license": "ISC",
      "dependencies": {
        "comesoapp": "file:"
      },
      "devDependencies": {}
    },
    "node_modules/comesoapp": {
      "resolved": "",
      "link": true
    }
  }
}
